
Microsoft Visual Studio Solution File, Format Version 12.00
# Visual Studio Version 17
VisualStudioVersion = 17.7.34031.279
MinimumVisualStudioVersion = 10.0.40219.1
Project("{8BC9CEB8-8B4A-11D0-8D11-00A0C91BC942}") = "1-5 вариант", "1-5 вариант\1-5 вариант.vcxproj", "{D0FCD547-C8D1-4B4F-9B4C-58E14FB7FA7E}"
EndProject
Global
	GlobalSection(SolutionConfigurationPlatforms) = preSolution
		Debug|x64 = Debug|x64
		Debug|x86 = Debug|x86
		Release|x64 = Release|x64
		Release|x86 = Release|x86
	EndGlobalSection
	GlobalSection(ProjectConfigurationPlatforms) = postSolution
		{D0FCD547-C8D1-4B4F-9B4C-58E14FB7FA7E}.Debug|x64.ActiveCfg = Debug|x64
		{D0FCD547-C8D1-4B4F-9B4C-58E14FB7FA7E}.Debug|x64.Build.0 = Debug|x64
		{D0FCD547-C8D1-4B4F-9B4C-58E14FB7FA7E}.Debug|x86.ActiveCfg = Debug|Win32
		{D0FCD547-C8D1-4B4F-9B4C-58E14FB7FA7E}.Debug|x86.Build.0 = Debug|Win32
		{D0FCD547-C8D1-4B4F-9B4C-58E14FB7FA7E}.Release|x64.ActiveCfg = Release|x64
		{D0FCD547-C8D1-4B4F-9B4C-58E14FB7FA7E}.Release|x64.Build.0 = Release|x64
		{D0FCD547-C8D1-4B4F-9B4C-58E14FB7FA7E}.Release|x86.ActiveCfg = Release|Win32
		{D0FCD547-C8D1-4B4F-9B4C-58E14FB7FA7E}.Release|x86.Build.0 = Release|Win32
	EndGlobalSection
	GlobalSection(SolutionProperties) = preSolution
		HideSolutionNode = FALSE
	EndGlobalSection
	GlobalSection(ExtensibilityGlobals) = postSolution
		SolutionGuid = {501D379E-4309-4EAA-A0B0-3C3E5C765609}
	EndGlobalSection
EndGlobal
